// !$*UTF8*$!
{
	archiveVersion = 1;
	classes = {
	};
	objectVersion = 46;
	objects = {

/* Begin PBXBuildFile section */
		005A8D521DE584FE00C1449D /* AppDelegate.swift in Sources */ = {isa = PBXBuildFile; fileRef = 005A8D511DE584FE00C1449D /* AppDelegate.swift */; };
		005A8D571DE584FE00C1449D /* Main.storyboard in Resources */ = {isa = PBXBuildFile; fileRef = 005A8D551DE584FE00C1449D /* Main.storyboard */; };
		005A8D591DE584FE00C1449D /* Assets.xcassets in Resources */ = {isa = PBXBuildFile; fileRef = 005A8D581DE584FE00C1449D /* Assets.xcassets */; };
		005A8D5C1DE584FE00C1449D /* LaunchScreen.storyboard in Resources */ = {isa = PBXBuildFile; fileRef = 005A8D5A1DE584FE00C1449D /* LaunchScreen.storyboard */; };
		005A8D681DE5852000C1449D /* MMBCaptureManager.swift in Sources */ = {isa = PBXBuildFile; fileRef = 005A8D641DE5852000C1449D /* MMBCaptureManager.swift */; };
		005A8D691DE5852000C1449D /* MMBQRcodeOverlayView.swift in Sources */ = {isa = PBXBuildFile; fileRef = 005A8D651DE5852000C1449D /* MMBQRcodeOverlayView.swift */; };
		005A8D6A1DE5852000C1449D /* MMBScanCodeViewController.swift in Sources */ = {isa = PBXBuildFile; fileRef = 005A8D661DE5852000C1449D /* MMBScanCodeViewController.swift */; };
		005A8D6B1DE5852000C1449D /* MMBScanCodeViewController.xib in Resources */ = {isa = PBXBuildFile; fileRef = 005A8D671DE5852000C1449D /* MMBScanCodeViewController.xib */; };
/* End PBXBuildFile section */

/* Begin PBXFileReference section */
		005A8D4E1DE584FE00C1449D /* ScanCodeDemo.app */ = {isa = PBXFileReference; explicitFileType = wrapper.application; includeInIndex = 0; path = ScanCodeDemo.app; sourceTree = BUILT_PRODUCTS_DIR; };
		005A8D511DE584FE00C1449D /* AppDelegate.swift */ = {isa = PBXFileReference; lastKnownFileType = sourcecode.swift; path = AppDelegate.swift; sourceTree = "<group>"; };
		005A8D561DE584FE00C1449D /* Base */ = {isa = PBXFileReference; lastKnownFileType = file.storyboard; name = Base; path = Base.lproj/Main.storyboard; sourceTree = "<group>"; };
		005A8D581DE584FE00C1449D /* Assets.xcassets */ = {isa = PBXFileReference; lastKnownFileType = folder.assetcatalog; path = Assets.xcassets; sourceTree = "<group>"; };
		005A8D5B1DE584FE00C1449D /* Base */ = {isa = PBXFileReference; lastKnownFileType = file.storyboard; name = Base; path = Base.lproj/LaunchScreen.storyboard; sourceTree = "<group>"; };
		005A8D5D1DE584FE00C1449D /* Info.plist */ = {isa = PBXFileReference; lastKnownFileType = text.plist.xml; path = Info.plist; sourceTree = "<group>"; };
		005A8D641DE5852000C1449D /* MMBCaptureManager.swift */ = {isa = PBXFileReference; fileEncoding = 4; lastKnownFileType = sourcecode.swift; path = MMBCaptureManager.swift; sourceTree = "<group>"; };
		005A8D651DE5852000C1449D /* MMBQRcodeOverlayView.swift */ = {isa = PBXFileReference; fileEncoding = 4; lastKnownFileType = sourcecode.swift; path = MMBQRcodeOverlayView.swift; sourceTree = "<group>"; };
		005A8D661DE5852000C1449D /* MMBScanCodeViewController.swift */ = {isa = PBXFileReference; fileEncoding = 4; lastKnownFileType = sourcecode.swift; path = MMBScanCodeViewController.swift; sourceTree = "<group>"; };
		005A8D671DE5852000C1449D /* MMBScanCodeViewController.xib */ = {isa = PBXFileReference; fileEncoding = 4; lastKnownFileType = file.xib; path = MMBScanCodeViewController.xib; sourceTree = "<group>"; };
/* End PBXFileReference section */

/* Begin PBXFrameworksBuildPhase section */
		005A8D4B1DE584FE00C1449D /* Frameworks */ = {
			isa = PBXFrameworksBuildPhase;
			buildActionMask = 2147483647;
			files = (
			);
			runOnlyForDeploymentPostprocessing = 0;
		};
/* End PBXFrameworksBuildPhase section */

/* Begin PBXGroup section */
		005A8D451DE584FE00C1449D = {
			isa = PBXGroup;
			children = (
				005A8D501DE584FE00C1449D /* ScanCodeDemo */,
				005A8D4F1DE584FE00C1449D /* Products */,
			);
			sourceTree = "<group>";
		};
		005A8D4F1DE584FE00C1449D /* Products */ = {
			isa = PBXGroup;
			children = (
				005A8D4E1DE584FE00C1449D /* ScanCodeDemo.app */,
			);
			name = Products;
			sourceTree = "<group>";
		};
		005A8D501DE584FE00C1449D /* ScanCodeDemo */ = {
			isa = PBXGroup;
			children = (
				005A8D631DE5852000C1449D /* ScanCode */,
				005A8D511DE584FE00C1449D /* AppDelegate.swift */,
				005A8D551DE584FE00C1449D /* Main.storyboard */,
				005A8D581DE584FE00C1449D /* Assets.xcassets */,
				005A8D5A1DE584FE00C1449D /* LaunchScreen.storyboard */,
				005A8D5D1DE584FE00C1449D /* Info.plist */,
			);
			path = ScanCodeDemo;
			sourceTree = "<group>";
		};
		005A8D631DE5852000C1449D /* ScanCode */ = {
			isa = PBXGroup;
			children = (
				005A8D641DE5852000C1449D /* MMBCaptureManager.swift */,
				005A8D651DE5852000C1449D /* MMBQRcodeOverlayView.swift */,
				005A8D661DE5852000C1449D /* MMBScanCodeViewController.swift */,
				005A8D671DE5852000C1449D /* MMBScanCodeViewController.xib */,
			);
			path = ScanCode;
			sourceTree = "<group>";
		};
/* End PBXGroup section */

/* Begin PBXNativeTarget section */
		005A8D4D1DE584FE00C1449D /* ScanCodeDemo */ = {
			isa = PBXNativeTarget;
			buildConfigurationList = 005A8D601DE584FE00C1449D /* Build configuration list for PBXNativeTarget "ScanCodeDemo" */;
			buildPhases = (
				005A8D4A1DE584FE00C1449D /* Sources */,
				005A8D4B1DE584FE00C1449D /* Frameworks */,
				005A8D4C1DE584FE00C1449D /* Resources */,
			);
			buildRules = (
			);
			dependencies = (
			);
			name = ScanCodeDemo;
			productName = ScanCodeDemo;
			productReference = 005A8D4E1DE584FE00C1449D /* ScanCodeDemo.app */;
			productType = "com.apple.product-type.application";
		};
/* End PBXNativeTarget section */

/* Begin PBXProject section */
		005A8D461DE584FE00C1449D /* Project object */ = {
			isa = PBXProject;
			attributes = {
				LastSwiftUpdateCheck = 0800;
				LastUpgradeCheck = 0800;
				ORGANIZATIONNAME = "广州雅特";
				TargetAttributes = {
					005A8D4D1DE584FE00C1449D = {
						CreatedOnToolsVersion = 8.0;
						DevelopmentTeam = P68334AC4C;
						ProvisioningStyle = Manual;
					};
				};
			};
			buildConfigurationList = 005A8D491DE584FE00C1449D /* Build configuration list for PBXProject "ScanCodeDemo" */;
			compatibilityVersion = "Xcode 3.2";
			developmentRegion = English;
			hasScannedForEncodings = 0;
			knownRegions = (
				en,
				Base,
			);
			mainGroup = 005A8D451DE584FE00C1449D;
			productRefGroup = 005A8D4F1DE584FE00C1449D /* Products */;
			projectDirPath = "";
			projectRoot = "";
			targets = (
				005A8D4D1DE584FE00C1449D /* ScanCodeDemo */,
			);
		};
/* End PBXProject section */

/* Begin PBXResourcesBuildPhase section */
		005A8D4C1DE584FE00C1449D /* Resources */ = {
			isa = PBXResourcesBuildPhase;
			buildActionMask = 2147483647;
			files = (
				005A8D5C1DE584FE00C1449D /* LaunchScreen.storyboard in Resources */,
				005A8D6B1DE5852000C1449D /* MMBScanCodeViewController.xib in Resources */,
				005A8D591DE584FE00C1449D /* Assets.xcassets in Resources */,
				005A8D571DE584FE00C1449D /* Main.storyboard in Resources */,
			);
			runOnlyForDeploymentPostprocessing = 0;
		};
/* End PBXResourcesBuildPhase section */

/* Begin PBXSourcesBuildPhase section */
		005A8D4A1DE584FE00C1449D /* Sources */ = {
			isa = PBXSourcesBuildPhase;
			buildActionMask = 2147483647;
			files = (
				005A8D691DE5852000C1449D /* MMBQRcodeOverlayView.swift in Sources */,
				005A8D6A1DE5852000C1449D /* MMBScanCodeViewController.swift in Sources */,
				005A8D521DE584FE00C1449D /* AppDelegate.swift in Sources */,
				005A8D681DE5852000C1449D /* MMBCaptureManager.swift in Sources */,
			);
			runOnlyForDeploymentPostprocessing = 0;
		};
/* End PBXSourcesBuildPhase section */

/* Begin PBXVariantGroup section */
		005A8D551DE584FE00C1449D /* Main.storyboard */ = {
			isa = PBXVariantGroup;
			children = (
				005A8D561DE584FE00C1449D /* Base */,
			);
			name = Main.storyboard;
			sourceTree = "<group>";
		};
		005A8D5A1DE584FE00C1449D /* LaunchScreen.storyboard */ = {
			isa = PBXVariantGroup;
			children = (
				005A8D5B1DE584FE00C1449D /* Base */,
			);
			name = LaunchScreen.storyboard;
			sourceTree = "<group>";
		};
/* End PBXVariantGroup section */

/* Begin XCBuildConfiguration section */
		005A8D5E1DE584FE00C1449D /* Debug */ = {
			isa = XCBuildConfiguration;
			buildSettings = {
				ALWAYS_SEARCH_USER_PATHS = NO;
				CLANG_ANALYZER_NONNULL = YES;
				CLANG_CXX_LANGUAGE_STANDARD = "gnu++0x";
				CLANG_CXX_LIBRARY = "libc++";
				CLANG_ENABLE_MODULES = YES;
				CLANG_ENABLE_OBJC_ARC = YES;
				CLANG_WARN_BOOL_CONVERSION = YES;
				CLANG_WARN_CONSTANT_CONVERSION = YES;
				CLANG_WARN_DIRECT_OBJC_ISA_USAGE = YES_ERROR;
				CLANG_WARN_DOCUMENTATION_COMMENTS = YES;
				CLANG_WARN_EMPTY_BODY = YES;
				CLANG_WARN_ENUM_CONVERSION = YES;
				CLANG_WARN_INFINITE_RECURSION = YES;
				CLANG_WARN_INT_CONVERSION = YES;
				CLANG_WARN_OBJC_ROOT_CLASS = YES_ERROR;
				CLANG_WARN_SUSPICIOUS_MOVES = YES;
				CLANG_WARN_UNREACHABLE_CODE = YES;
				CLANG_WARN__DUPLICATE_METHOD_MATCH = YES;
				"CODE_SIGN_IDENTITY[sdk=iphoneos*]" = "iPhone Developer";
				COPY_PHASE_STRIP = NO;
				DEBUG_INFORMATION_FORMAT = dwarf;
				ENABLE_STRICT_OBJC_MSGSEND = YES;
				ENABLE_TESTABILITY = YES;
				GCC_C_LANGUAGE_STANDARD = gnu99;
				GCC_DYNAMIC_NO_PIC = NO;
				GCC_NO_COMMON_BLOCKS = YES;
				GCC_OPTIMIZATION_LEVEL = 0;
				GCC_PREPROCESSOR_DEFINITIONS = (
					"DEBUG=1",
					"$(inherited)",
				);
				GCC_WARN_64_TO_32_BIT_CONVERSION = YES;
				GCC_WARN_ABOUT_RETURN_TYPE = YES_ERROR;
				GCC_WARN_UNDECLARED_SELECTOR = YES;
				GCC_WARN_UNINITIALIZED_AUTOS = YES_AGGRESSIVE;
				GCC_WARN_UNUSED_FUNCTION = YES;
				GCC_WARN_UNUSED_VARIABLE = YES;
				IPHONEOS_DEPLOYMENT_TARGET = 10.0;
				MTL_ENABLE_DEBUG_INFO = YES;
				ONLY_ACTIVE_ARCH = YES;
				SDKROOT = iphoneos;
				SWIFT_ACTIVE_COMPILATION_CONDITIONS = DEBUG;
				SWIFT_OPTIMIZATION_LEVEL = "-Onone";
			};
			name = Debug;
		};
		005A8D5F1DE584FE00C1449D /* Release */ = {
			isa = XCBuildConfiguration;
			buildSettings = {
				ALWAYS_SEARCH_USER_PATHS = NO;
				CLANG_ANALYZER_NONNULL = YES;
				CLANG_CXX_LANGUAGE_STANDARD = "gnu++0x";
				CLANG_CXX_LIBRARY = "libc++";
				CLANG_ENABLE_MODULES = YES;
				CLANG_ENABLE_OBJC_ARC = YES;
				CLANG_WARN_BOOL_CONVERSION = YES;
				CLANG_WARN_CONSTANT_CONVERSION = YES;
				CLANG_WARN_DIRECT_OBJC_ISA_USAGE = YES_ERROR;
				CLANG_WARN_DOCUMENTATION_COMMENTS = YES;
				CLANG_WARN_EMPTY_BODY = YES;
				CLANG_WARN_ENUM_CONVERSION = YES;
				CLANG_WARN_INFINITE_RECURSION = YES;
				CLANG_WARN_INT_CONVERSION = YES;
				CLANG_WARN_OBJC_ROOT_CLASS = YES_ERROR;
				CLANG_WARN_SUSPICIOUS_MOVES = YES;
				CLANG_WARN_UNREACHABLE_CODE = YES;
				CLANG_WARN__DUPLICATE_METHOD_MATCH = YES;
				"CODE_SIGN_IDENTITY[sdk=iphoneos*]" = "iPhone Developer";
				COPY_PHASE_STRIP = NO;
				DEBUG_INFORMATION_FORMAT = "dwarf-with-dsym";
				ENABLE_NS_ASSERTIONS = NO;
				ENABLE_STRICT_OBJC_MSGSEND = YES;
				GCC_C_LANGUAGE_STANDARD = gnu99;
				GCC_NO_COMMON_BLOCKS = YES;
				GCC_WARN_64_TO_32_BIT_CONVERSION = YES;
				GCC_WARN_ABOUT_RETURN_TYPE = YES_ERROR;
				GCC_WARN_UNDECLARED_SELECTOR = YES;
				GCC_WARN_UNINITIALIZED_AUTOS = YES_AGGRESSIVE;
				GCC_WARN_UNUSED_FUNCTION = YES;
				GCC_WARN_UNUSED_VARIABLE = YES;
				IPHONEOS_DEPLOYMENT_TARGET = 10.0;
				MTL_ENABLE_DEBUG_INFO = NO;
				SDKROOT = iphoneos;
				SWIFT_OPTIMIZATION_LEVEL = "-Owholemodule";
				VALIDATE_PRODUCT = YES;
			};
			name = Release;
		};
		005A8D611DE584FE00C1449D /* Debug */ = {
			isa = XCBuildConfiguration;
			buildSettings = {
				ASSETCATALOG_COMPILER_APPICON_NAME = AppIcon;
				DEVELOPMENT_TEAM = P68334AC4C;
				INFOPLIST_FILE = ScanCodeDemo/Info.plist;
				IPHONEOS_DEPLOYMENT_TARGET = 8.0;
				LD_RUNPATH_SEARCH_PATHS = "$(inherited) @executable_path/Frameworks";
				PRODUCT_BUNDLE_IDENTIFIER = yate.ScanCodeDemo;
				PRODUCT_NAME = "$(TARGET_NAME)";
				PROVISIONING_PROFILE = "9587efed-85b6-4f08-b131-8ea55eda9a27";
				PROVISIONING_PROFILE_SPECIFIER = dev_wildcard;
				SWIFT_VERSION = 3.0;
			};
			name = Debug;
		};
		005A8D621DE584FE00C1449D /* Release */ = {
			isa = XCBuildConfiguration;
			buildSettings = {
				ASSETCATALOG_COMPILER_APPICON_NAME = AppIcon;
				DEVELOPMENT_TEAM = "";
				INFOPLIST_FILE = ScanCodeDemo/Info.plist;
				IPHONEOS_DEPLOYMENT_TARGET = 8.0;
				LD_RUNPATH_SEARCH_PATHS = "$(inherited) @executable_path/Frameworks";
				PRODUCT_BUNDLE_IDENTIFIER = yate.ScanCodeDemo;
				PRODUCT_NAME = "$(TARGET_NAME)";
				SWIFT_VERSION = 3.0;
			};
			name = Release;
		};
/* End XCBuildConfiguration section */

/* Begin XCConfigurationList section */
		005A8D491DE584FE00C1449D /* Build configuration list for PBXProject "ScanCodeDemo" */ = {
			isa = XCConfigurationList;
			buildConfigurations = (
				005A8D5E1DE584FE00C1449D /* Debug */,
				005A8D5F1DE584FE00C1449D /* Release */,
			);
			defaultConfigurationIsVisible = 0;
			defaultConfigurationName = Release;
		};
		005A8D601DE584FE00C1449D /* Build configuration list for PBXNativeTarget "ScanCodeDemo" */ = {
			isa = XCConfigurationList;
			buildConfigurations = (
				005A8D611DE584FE00C1449D /* Debug */,
				005A8D621DE584FE00C1449D /* Release */,
			);
			defaultConfigurationIsVisible = 0;
			defaultConfigurationName = Release;
		};
/* End XCConfigurationList section */
	};
	rootObject = 005A8D461DE584FE00C1449D /* Project object */;
}
